
Microsoft Visual Studio Solution File, Format Version 12.00
# Visual Studio 15
Project("{FAE04EC0-301F-11D3-BF4B-00C04F79EFBC}") = "RawFileReaderWrapper", "RawFileReaderWrapper\RawFileReaderWrapper.csproj", "{8059386C-1CFA-418F-A518-543E35B4C7C3}"
EndProject
Global
	GlobalSection(SolutionConfigurationPlatforms) = preSolution
		Debug|anycpu = Debug|anycpu
		Release|anycpu = Release|anycpu
	EndGlobalSection
	GlobalSection(ProjectConfigurationPlatforms) = postSolution
		{8059386C-1CFA-418F-A518-543E35B4C7C3}.Debug|anycpu.ActiveCfg = Debug|anycpu
		{8059386C-1CFA-418F-A518-543E35B4C7C3}.Debug|anycpu.Build.0 = Debug|anycpu
		{8059386C-1CFA-418F-A518-543E35B4C7C3}.Release|anycpu.ActiveCfg = Release|anycpu
		{8059386C-1CFA-418F-A518-543E35B4C7C3}.Release|anycpu.Build.0 = Release|anycpu
	EndGlobalSection
EndGlobal
